
Microsoft Visual Studio Solution File, Format Version 12.00
# Visual Studio Version 17
VisualStudioVersion = 17.11.35219.272
MinimumVisualStudioVersion = 10.0.40219.1
Project("{9A19103F-16F7-4668-BE54-9A1E7A4F7556}") = "DcrNet", "DcrLib\DcrNet.csproj", "{79797E96-0CCB-481B-A927-788931F946E0}"
EndProject
Global
	GlobalSection(SolutionConfigurationPlatforms) = preSolution
		Debug|Any CPU = Debug|Any CPU
		Release|Any CPU = Release|Any CPU
	EndGlobalSection
	GlobalSection(ProjectConfigurationPlatforms) = postSolution
		{79797E96-0CCB-481B-A927-788931F946E0}.Debug|Any CPU.ActiveCfg = Debug|Any CPU
		{79797E96-0CCB-481B-A927-788931F946E0}.Debug|Any CPU.Build.0 = Debug|Any CPU
		{79797E96-0CCB-481B-A927-788931F946E0}.Release|Any CPU.ActiveCfg = Release|Any CPU
		{79797E96-0CCB-481B-A927-788931F946E0}.Release|Any CPU.Build.0 = Release|Any CPU
	EndGlobalSection
	GlobalSection(SolutionProperties) = preSolution
		HideSolutionNode = FALSE
	EndGlobalSection
	GlobalSection(ExtensibilityGlobals) = postSolution
		SolutionGuid = {9D596666-BEE6-4490-A070-DD80728F7938}
	EndGlobalSection
EndGlobal
